
Microsoft Visual Studio Solution File, Format Version 12.00
# Visual Studio Version 17
VisualStudioVersion = 17.6.33723.286
MinimumVisualStudioVersion = 10.0.40219.1
Project("{9A19103F-16F7-4668-BE54-9A1E7A4F7556}") = "TestRatingNew", "TestRatingNew.csproj", "{4D717DF3-720E-4FEE-BA87-2B097CB8AFFC}"
EndProject
Global
	GlobalSection(SolutionConfigurationPlatforms) = preSolution
		Debug|Any CPU = Debug|Any CPU
		Release|Any CPU = Release|Any CPU
	EndGlobalSection
	GlobalSection(ProjectConfigurationPlatforms) = postSolution
		{4D717DF3-720E-4FEE-BA87-2B097CB8AFFC}.Debug|Any CPU.ActiveCfg = Debug|Any CPU
		{4D717DF3-720E-4FEE-BA87-2B097CB8AFFC}.Debug|Any CPU.Build.0 = Debug|Any CPU
		{4D717DF3-720E-4FEE-BA87-2B097CB8AFFC}.Release|Any CPU.ActiveCfg = Release|Any CPU
		{4D717DF3-720E-4FEE-BA87-2B097CB8AFFC}.Release|Any CPU.Build.0 = Release|Any CPU
	EndGlobalSection
	GlobalSection(SolutionProperties) = preSolution
		HideSolutionNode = FALSE
	EndGlobalSection
	GlobalSection(ExtensibilityGlobals) = postSolution
		SolutionGuid = {02A35EA1-E7F0-4239-86CA-A7A637236DF7}
	EndGlobalSection
EndGlobal
